{
  "requires": true,
  "lockfileVersion": 1,
  "dependencies": {
    "vue-drag-select": {
      "version": "0.2.0",
      "resolved": "https://registry.npmjs.org/vue-drag-select/-/vue-drag-select-0.2.0.tgz",
      "integrity": "sha512-oKBTfxzzVbM+W4bz3nTuhY6IUon4rKOadW3MSbSLEMXkkUDdJ8MhejSR1euxk9cDDZ2C/cxS/RdYZ/eEj09xZA=="
    }
  }
}
